// !$*UTF8*$!
{
	archiveVersion = 1;
	classes = {
	};
	objectVersion = 46;
	objects = {

/* Begin PBXBuildFile section */
		BBD732A01C5EED8200B3AA10 /* main.m in Sources */ = {isa = PBXBuildFile; fileRef = BBD7329F1C5EED8200B3AA10 /* main.m */; };
		BBD732A31C5EED8200B3AA10 /* AppDelegate.m in Sources */ = {isa = PBXBuildFile; fileRef = BBD732A21C5EED8200B3AA10 /* AppDelegate.m */; };
		BBD732A61C5EED8200B3AA10 /* ViewController.m in Sources */ = {isa = PBXBuildFile; fileRef = BBD732A51C5EED8200B3AA10 /* ViewController.m */; };
		BBD732A91C5EED8300B3AA10 /* Main.storyboard in Resources */ = {isa = PBXBuildFile; fileRef = BBD732A71C5EED8300B3AA10 /* Main.storyboard */; };
		BBD732AB1C5EED8300B3AA10 /* Assets.xcassets in Resources */ = {isa = PBXBuildFile; fileRef = BBD732AA1C5EED8300B3AA10 /* Assets.xcassets */; };
		BBD732AE1C5EED8300B3AA10 /* LaunchScreen.storyboard in Resources */ = {isa = PBXBuildFile; fileRef = BBD732AC1C5EED8300B3AA10 /* LaunchScreen.storyboard */; };
/* End PBXBuildFile section */

/* Begin PBXFileReference section */
		BBD7329B1C5EED8200B3AA10 /* NavigationBackEventHandler.app */ = {isa = PBXFileReference; explicitFileType = wrapper.application; includeInIndex = 0; path = NavigationBackEventHandler.app; sourceTree = BUILT_PRODUCTS_DIR; };
		BBD7329F1C5EED8200B3AA10 /* main.m */ = {isa = PBXFileReference; lastKnownFileType = sourcecode.c.objc; path = main.m; sourceTree = "<group>"; };
		BBD732A11C5EED8200B3AA10 /* AppDelegate.h */ = {isa = PBXFileReference; lastKnownFileType = sourcecode.c.h; path = AppDelegate.h; sourceTree = "<group>"; };
		BBD732A21C5EED8200B3AA10 /* AppDelegate.m */ = {isa = PBXFileReference; lastKnownFileType = sourcecode.c.objc; path = AppDelegate.m; sourceTree = "<group>"; };
		BBD732A41C5EED8200B3AA10 /* ViewController.h */ = {isa = PBXFileReference; lastKnownFileType = sourcecode.c.h; path = ViewController.h; sourceTree = "<group>"; };
		BBD732A51C5EED8200B3AA10 /* ViewController.m */ = {isa = PBXFileReference; lastKnownFileType = sourcecode.c.objc; path = ViewController.m; sourceTree = "<group>"; };
		BBD732A81C5EED8300B3AA10 /* Base */ = {isa = PBXFileReference; lastKnownFileType = file.storyboard; name = Base; path = Base.lproj/Main.storyboard; sourceTree = "<group>"; };
		BBD732AA1C5EED8300B3AA10 /* Assets.xcassets */ = {isa = PBXFileReference; lastKnownFileType = folder.assetcatalog; path = Assets.xcassets; sourceTree = "<group>"; };
		BBD732AD1C5EED8300B3AA10 /* Base */ = {isa = PBXFileReference; lastKnownFileType = file.storyboard; name = Base; path = Base.lproj/LaunchScreen.storyboard; sourceTree = "<group>"; };
		BBD732AF1C5EED8300B3AA10 /* Info.plist */ = {isa = PBXFileReference; lastKnownFileType = text.plist.xml; path = Info.plist; sourceTree = "<group>"; };
/* End PBXFileReference section */

/* Begin PBXFrameworksBuildPhase section */
		BBD732981C5EED8200B3AA10 /* Frameworks */ = {
			isa = PBXFrameworksBuildPhase;
			buildActionMask = 2147483647;
			files = (
			);
			runOnlyForDeploymentPostprocessing = 0;
		};
/* End PBXFrameworksBuildPhase section */

/* Begin PBXGroup section */
		BBD732921C5EED8200B3AA10 = {
			isa = PBXGroup;
			children = (
				BBD7329D1C5EED8200B3AA10 /* NavigationBackEventHandler */,
				BBD7329C1C5EED8200B3AA10 /* Products */,
			);
			sourceTree = "<group>";
		};
		BBD7329C1C5EED8200B3AA10 /* Products */ = {
			isa = PBXGroup;
			children = (
				BBD7329B1C5EED8200B3AA10 /* NavigationBackEventHandler.app */,
			);
			name = Products;
			sourceTree = "<group>";
		};
		BBD7329D1C5EED8200B3AA10 /* NavigationBackEventHandler */ = {
			isa = PBXGroup;
			children = (
				BBD732A11C5EED8200B3AA10 /* AppDelegate.h */,
				BBD732A21C5EED8200B3AA10 /* AppDelegate.m */,
				BBD732A41C5EED8200B3AA10 /* ViewController.h */,
				BBD732A51C5EED8200B3AA10 /* ViewController.m */,
				BBD732A71C5EED8300B3AA10 /* Main.storyboard */,
				BBD732AA1C5EED8300B3AA10 /* Assets.xcassets */,
				BBD732AC1C5EED8300B3AA10 /* LaunchScreen.storyboard */,
				BBD732AF1C5EED8300B3AA10 /* Info.plist */,
				BBD7329E1C5EED8200B3AA10 /* Supporting Files */,
			);
			path = NavigationBackEventHandler;
			sourceTree = "<group>";
		};
		BBD7329E1C5EED8200B3AA10 /* Supporting Files */ = {
			isa = PBXGroup;
			children = (
				BBD7329F1C5EED8200B3AA10 /* main.m */,
			);
			name = "Supporting Files";
			sourceTree = "<group>";
		};
/* End PBXGroup section */

/* Begin PBXNativeTarget section */
		BBD7329A1C5EED8200B3AA10 /* NavigationBackEventHandler */ = {
			isa = PBXNativeTarget;
			buildConfigurationList = BBD732B21C5EED8300B3AA10 /* Build configuration list for PBXNativeTarget "NavigationBackEventHandler" */;
			buildPhases = (
				BBD732971C5EED8200B3AA10 /* Sources */,
				BBD732981C5EED8200B3AA10 /* Frameworks */,
				BBD732991C5EED8200B3AA10 /* Resources */,
			);
			buildRules = (
			);
			dependencies = (
			);
			name = NavigationBackEventHandler;
			productName = NavigationBackEventHandler;
			productReference = BBD7329B1C5EED8200B3AA10 /* NavigationBackEventHandler.app */;
			productType = "com.apple.product-type.application";
		};
/* End PBXNativeTarget section */

/* Begin PBXProject section */
		BBD732931C5EED8200B3AA10 /* Project object */ = {
			isa = PBXProject;
			attributes = {
				LastUpgradeCheck = 0720;
				ORGANIZATIONNAME = VictorChee;
				TargetAttributes = {
					BBD7329A1C5EED8200B3AA10 = {
						CreatedOnToolsVersion = 7.2;
					};
				};
			};
			buildConfigurationList = BBD732961C5EED8200B3AA10 /* Build configuration list for PBXProject "NavigationBackEventHandler" */;
			compatibilityVersion = "Xcode 3.2";
			developmentRegion = English;
			hasScannedForEncodings = 0;
			knownRegions = (
				en,
				Base,
			);
			mainGroup = BBD732921C5EED8200B3AA10;
			productRefGroup = BBD7329C1C5EED8200B3AA10 /* Products */;
			projectDirPath = "";
			projectRoot = "";
			targets = (
				BBD7329A1C5EED8200B3AA10 /* NavigationBackEventHandler */,
			);
		};
/* End PBXProject section */

/* Begin PBXResourcesBuildPhase section */
		BBD732991C5EED8200B3AA10 /* Resources */ = {
			isa = PBXResourcesBuildPhase;
			buildActionMask = 2147483647;
			files = (
				BBD732AE1C5EED8300B3AA10 /* LaunchScreen.storyboard in Resources */,
				BBD732AB1C5EED8300B3AA10 /* Assets.xcassets in Resources */,
				BBD732A91C5EED8300B3AA10 /* Main.storyboard in Resources */,
			);
			runOnlyForDeploymentPostprocessing = 0;
		};
/* End PBXResourcesBuildPhase section */

/* Begin PBXSourcesBuildPhase section */
		BBD732971C5EED8200B3AA10 /* Sources */ = {
			isa = PBXSourcesBuildPhase;
			buildActionMask = 2147483647;
			files = (
				BBD732A61C5EED8200B3AA10 /* ViewController.m in Sources */,
				BBD732A31C5EED8200B3AA10 /* AppDelegate.m in Sources */,
				BBD732A01C5EED8200B3AA10 /* main.m in Sources */,
			);
			runOnlyForDeploymentPostprocessing = 0;
		};
/* End PBXSourcesBuildPhase section */

/* Begin PBXVariantGroup section */
		BBD732A71C5EED8300B3AA10 /* Main.storyboard */ = {
			isa = PBXVariantGroup;
			children = (
				BBD732A81C5EED8300B3AA10 /* Base */,
			);
			name = Main.storyboard;
			sourceTree = "<group>";
		};
		BBD732AC1C5EED8300B3AA10 /* LaunchScreen.storyboard */ = {
			isa = PBXVariantGroup;
			children = (
				BBD732AD1C5EED8300B3AA10 /* Base */,
			);
			name = LaunchScreen.storyboard;
			sourceTree = "<group>";
		};
/* End PBXVariantGroup section */

/* Begin XCBuildConfiguration section */
		BBD732B01C5EED8300B3AA10 /* Debug */ = {
			isa = XCBuildConfiguration;
			buildSettings = {
				ALWAYS_SEARCH_USER_PATHS = NO;
				CLANG_CXX_LANGUAGE_STANDARD = "gnu++0x";
				CLANG_CXX_LIBRARY = "libc++";
				CLANG_ENABLE_MODULES = YES;
				CLANG_ENABLE_OBJC_ARC = YES;
				CLANG_WARN_BOOL_CONVERSION = YES;
				CLANG_WARN_CONSTANT_CONVERSION = YES;
				CLANG_WARN_DIRECT_OBJC_ISA_USAGE = YES_ERROR;
				CLANG_WARN_EMPTY_BODY = YES;
				CLANG_WARN_ENUM_CONVERSION = YES;
				CLANG_WARN_INT_CONVERSION = YES;
				CLANG_WARN_OBJC_ROOT_CLASS = YES_ERROR;
				CLANG_WARN_UNREACHABLE_CODE = YES;
				CLANG_WARN__DUPLICATE_METHOD_MATCH = YES;
				"CODE_SIGN_IDENTITY[sdk=iphoneos*]" = "iPhone Developer";
				COPY_PHASE_STRIP = NO;
				DEBUG_INFORMATION_FORMAT = dwarf;
				ENABLE_STRICT_OBJC_MSGSEND = YES;
				ENABLE_TESTABILITY = YES;
				GCC_C_LANGUAGE_STANDARD = gnu99;
				GCC_DYNAMIC_NO_PIC = NO;
				GCC_NO_COMMON_BLOCKS = YES;
				GCC_OPTIMIZATION_LEVEL = 0;
				GCC_PREPROCESSOR_DEFINITIONS = (
					"DEBUG=1",
					"$(inherited)",
				);
				GCC_WARN_64_TO_32_BIT_CONVERSION = YES;
				GCC_WARN_ABOUT_RETURN_TYPE = YES_ERROR;
				GCC_WARN_UNDECLARED_SELECTOR = YES;
				GCC_WARN_UNINITIALIZED_AUTOS = YES_AGGRESSIVE;
				GCC_WARN_UNUSED_FUNCTION = YES;
				GCC_WARN_UNUSED_VARIABLE = YES;
				IPHONEOS_DEPLOYMENT_TARGET = 9.2;
				MTL_ENABLE_DEBUG_INFO = YES;
				ONLY_ACTIVE_ARCH = YES;
				SDKROOT = iphoneos;
				TARGETED_DEVICE_FAMILY = "1,2";
			};
			name = Debug;
		};
		BBD732B11C5EED8300B3AA10 /* Release */ = {
			isa = XCBuildConfiguration;
			buildSettings = {
				ALWAYS_SEARCH_USER_PATHS = NO;
				CLANG_CXX_LANGUAGE_STANDARD = "gnu++0x";
				CLANG_CXX_LIBRARY = "libc++";
				CLANG_ENABLE_MODULES = YES;
				CLANG_ENABLE_OBJC_ARC = YES;
				CLANG_WARN_BOOL_CONVERSION = YES;
				CLANG_WARN_CONSTANT_CONVERSION = YES;
				CLANG_WARN_DIRECT_OBJC_ISA_USAGE = YES_ERROR;
				CLANG_WARN_EMPTY_BODY = YES;
				CLANG_WARN_ENUM_CONVERSION = YES;
				CLANG_WARN_INT_CONVERSION = YES;
				CLANG_WARN_OBJC_ROOT_CLASS = YES_ERROR;
				CLANG_WARN_UNREACHABLE_CODE = YES;
				CLANG_WARN__DUPLICATE_METHOD_MATCH = YES;
				"CODE_SIGN_IDENTITY[sdk=iphoneos*]" = "iPhone Developer";
				COPY_PHASE_STRIP = NO;
				DEBUG_INFORMATION_FORMAT = "dwarf-with-dsym";
				ENABLE_NS_ASSERTIONS = NO;
				ENABLE_STRICT_OBJC_MSGSEND = YES;
				GCC_C_LANGUAGE_STANDARD = gnu99;
				GCC_NO_COMMON_BLOCKS = YES;
				GCC_WARN_64_TO_32_BIT_CONVERSION = YES;
				GCC_WARN_ABOUT_RETURN_TYPE = YES_ERROR;
				GCC_WARN_UNDECLARED_SELECTOR = YES;
				GCC_WARN_UNINITIALIZED_AUTOS = YES_AGGRESSIVE;
				GCC_WARN_UNUSED_FUNCTION = YES;
				GCC_WARN_UNUSED_VARIABLE = YES;
				IPHONEOS_DEPLOYMENT_TARGET = 9.2;
				MTL_ENABLE_DEBUG_INFO = NO;
				SDKROOT = iphoneos;
				TARGETED_DEVICE_FAMILY = "1,2";
				VALIDATE_PRODUCT = YES;
			};
			name = Release;
		};
		BBD732B31C5EED8300B3AA10 /* Debug */ = {
			isa = XCBuildConfiguration;
			buildSettings = {
				ASSETCATALOG_COMPILER_APPICON_NAME = AppIcon;
				INFOPLIST_FILE = NavigationBackEventHandler/Info.plist;
				LD_RUNPATH_SEARCH_PATHS = "$(inherited) @executable_path/Frameworks";
				PRODUCT_BUNDLE_IDENTIFIER = com.victorchee.NavigationBackEventHandler;
				PRODUCT_NAME = "$(TARGET_NAME)";
			};
			name = Debug;
		};
		BBD732B41C5EED8300B3AA10 /* Release */ = {
			isa = XCBuildConfiguration;
			buildSettings = {
				ASSETCATALOG_COMPILER_APPICON_NAME = AppIcon;
				INFOPLIST_FILE = NavigationBackEventHandler/Info.plist;
				LD_RUNPATH_SEARCH_PATHS = "$(inherited) @executable_path/Frameworks";
				PRODUCT_BUNDLE_IDENTIFIER = com.victorchee.NavigationBackEventHandler;
				PRODUCT_NAME = "$(TARGET_NAME)";
			};
			name = Release;
		};
/* End XCBuildConfiguration section */

/* Begin XCConfigurationList section */
		BBD732961C5EED8200B3AA10 /* Build configuration list for PBXProject "NavigationBackEventHandler" */ = {
			isa = XCConfigurationList;
			buildConfigurations = (
				BBD732B01C5EED8300B3AA10 /* Debug */,
				BBD732B11C5EED8300B3AA10 /* Release */,
			);
			defaultConfigurationIsVisible = 0;
			defaultConfigurationName = Release;
		};
		BBD732B21C5EED8300B3AA10 /* Build configuration list for PBXNativeTarget "NavigationBackEventHandler" */ = {
			isa = XCConfigurationList;
			buildConfigurations = (
				BBD732B31C5EED8300B3AA10 /* Debug */,
				BBD732B41C5EED8300B3AA10 /* Release */,
			);
			defaultConfigurationIsVisible = 0;
		};
/* End XCConfigurationList section */
	};
	rootObject = BBD732931C5EED8200B3AA10 /* Project object */;
}
